
Microsoft Visual Studio Solution File, Format Version 12.00
# Visual Studio Version 17
VisualStudioVersion = 17.9.34622.214
MinimumVisualStudioVersion = 10.0.40219.1
Project("{FAE04EC0-301F-11D3-BF4B-00C04F79EFBC}") = "EntityFrameworkIstatistics", "EntityFrameworkIstatistics.csproj", "{500C671B-EC26-4795-B200-812A4584317A}"
EndProject
Global
	GlobalSection(SolutionConfigurationPlatforms) = preSolution
		Debug|Any CPU = Debug|Any CPU
		Release|Any CPU = Release|Any CPU
	EndGlobalSection
	GlobalSection(ProjectConfigurationPlatforms) = postSolution
		{500C671B-EC26-4795-B200-812A4584317A}.Debug|Any CPU.ActiveCfg = Debug|Any CPU
		{500C671B-EC26-4795-B200-812A4584317A}.Debug|Any CPU.Build.0 = Debug|Any CPU
		{500C671B-EC26-4795-B200-812A4584317A}.Release|Any CPU.ActiveCfg = Release|Any CPU
		{500C671B-EC26-4795-B200-812A4584317A}.Release|Any CPU.Build.0 = Release|Any CPU
	EndGlobalSection
	GlobalSection(SolutionProperties) = preSolution
		HideSolutionNode = FALSE
	EndGlobalSection
	GlobalSection(ExtensibilityGlobals) = postSolution
		SolutionGuid = {2C07F166-581C-4FF7-9C2E-D1C24E7C70C4}
	EndGlobalSection
EndGlobal
